
Microsoft Visual Studio Solution File, Format Version 12.00
# Visual Studio 14
VisualStudioVersion = 14.0.25420.1
MinimumVisualStudioVersion = 10.0.40219.1
Project("{FAE04EC0-301F-11D3-BF4B-00C04F79EFBC}") = "UnityDemo", "UnityDemo\UnityDemo.csproj", "{60E0EC65-E2B3-4BB1-8A03-127D41D1F2DE}"
EndProject
Project("{FAE04EC0-301F-11D3-BF4B-00C04F79EFBC}") = "DataAccess", "DataAccess\DataAccess.csproj", "{263A1895-7C30-422B-8235-6CBA17C63D23}"
EndProject
Project("{FAE04EC0-301F-11D3-BF4B-00C04F79EFBC}") = "Service", "Service\Service.csproj", "{7F28A391-3AD5-49E9-82C0-2A82809E8C81}"
EndProject
Global
	GlobalSection(SolutionConfigurationPlatforms) = preSolution
		Debug|Any CPU = Debug|Any CPU
		Release|Any CPU = Release|Any CPU
	EndGlobalSection
	GlobalSection(ProjectConfigurationPlatforms) = postSolution
		{60E0EC65-E2B3-4BB1-8A03-127D41D1F2DE}.Debug|Any CPU.ActiveCfg = Debug|Any CPU
		{60E0EC65-E2B3-4BB1-8A03-127D41D1F2DE}.Debug|Any CPU.Build.0 = Debug|Any CPU
		{60E0EC65-E2B3-4BB1-8A03-127D41D1F2DE}.Release|Any CPU.ActiveCfg = Release|Any CPU
		{60E0EC65-E2B3-4BB1-8A03-127D41D1F2DE}.Release|Any CPU.Build.0 = Release|Any CPU
		{263A1895-7C30-422B-8235-6CBA17C63D23}.Debug|Any CPU.ActiveCfg = Debug|Any CPU
		{263A1895-7C30-422B-8235-6CBA17C63D23}.Debug|Any CPU.Build.0 = Debug|Any CPU
		{263A1895-7C30-422B-8235-6CBA17C63D23}.Release|Any CPU.ActiveCfg = Release|Any CPU
		{263A1895-7C30-422B-8235-6CBA17C63D23}.Release|Any CPU.Build.0 = Release|Any CPU
		{7F28A391-3AD5-49E9-82C0-2A82809E8C81}.Debug|Any CPU.ActiveCfg = Debug|Any CPU
		{7F28A391-3AD5-49E9-82C0-2A82809E8C81}.Debug|Any CPU.Build.0 = Debug|Any CPU
		{7F28A391-3AD5-49E9-82C0-2A82809E8C81}.Release|Any CPU.ActiveCfg = Release|Any CPU
		{7F28A391-3AD5-49E9-82C0-2A82809E8C81}.Release|Any CPU.Build.0 = Release|Any CPU
	EndGlobalSection
	GlobalSection(SolutionProperties) = preSolution
		HideSolutionNode = FALSE
	EndGlobalSection
EndGlobal
